// !$*UTF8*$!
{
	archiveVersion = 1;
	classes = {
	};
	objectVersion = 46;
	objects = {

/* Begin PBXBuildFile section */
		E724DA131A42302E00049BF1 /* main.m in Sources */ = {isa = PBXBuildFile; fileRef = E724DA121A42302E00049BF1 /* main.m */; };
		E724DA161A42302E00049BF1 /* AppDelegate.m in Sources */ = {isa = PBXBuildFile; fileRef = E724DA151A42302E00049BF1 /* AppDelegate.m */; };
		E724DA1E1A42302E00049BF1 /* Images.xcassets in Resources */ = {isa = PBXBuildFile; fileRef = E724DA1D1A42302E00049BF1 /* Images.xcassets */; };
		E724DA211A42302E00049BF1 /* LaunchScreen.xib in Resources */ = {isa = PBXBuildFile; fileRef = E724DA1F1A42302E00049BF1 /* LaunchScreen.xib */; };
		E724DA2D1A42302E00049BF1 /* CBTestTests.m in Sources */ = {isa = PBXBuildFile; fileRef = E724DA2C1A42302E00049BF1 /* CBTestTests.m */; };
		E724DA3D1A4231D000049BF1 /* CoreBluetooth.framework in Frameworks */ = {isa = PBXBuildFile; fileRef = E724DA3C1A4231D000049BF1 /* CoreBluetooth.framework */; };
		E724DA481A4236EA00049BF1 /* CBTConnectViewController.m in Sources */ = {isa = PBXBuildFile; fileRef = E724DA461A4236EA00049BF1 /* CBTConnectViewController.m */; };
		E724DA491A4236EA00049BF1 /* CBTConnectViewController.xib in Resources */ = {isa = PBXBuildFile; fileRef = E724DA471A4236EA00049BF1 /* CBTConnectViewController.xib */; };
		E724DA4D1A4242BF00049BF1 /* CBTCentralControlPanelViewController.m in Sources */ = {isa = PBXBuildFile; fileRef = E724DA4B1A4242BF00049BF1 /* CBTCentralControlPanelViewController.m */; };
		E724DA4E1A4242BF00049BF1 /* CBTCentralControlPanelViewController.xib in Resources */ = {isa = PBXBuildFile; fileRef = E724DA4C1A4242BF00049BF1 /* CBTCentralControlPanelViewController.xib */; };
		E748E4E11A5B03C10098B34F /* CBTPeripheralControlPanelViewController.m in Sources */ = {isa = PBXBuildFile; fileRef = E748E4DF1A5B03C10098B34F /* CBTPeripheralControlPanelViewController.m */; };
		E748E4E21A5B03C10098B34F /* CBTPeripheralControlPanelViewController.xib in Resources */ = {isa = PBXBuildFile; fileRef = E748E4E01A5B03C10098B34F /* CBTPeripheralControlPanelViewController.xib */; };
/* End PBXBuildFile section */

/* Begin PBXContainerItemProxy section */
		E724DA271A42302E00049BF1 /* PBXContainerItemProxy */ = {
			isa = PBXContainerItemProxy;
			containerPortal = E724DA051A42302E00049BF1 /* Project object */;
			proxyType = 1;
			remoteGlobalIDString = E724DA0C1A42302E00049BF1;
			remoteInfo = CBTest;
		};
/* End PBXContainerItemProxy section */

/* Begin PBXFileReference section */
		E724DA0D1A42302E00049BF1 /* CBTest.app */ = {isa = PBXFileReference; explicitFileType = wrapper.application; includeInIndex = 0; path = CBTest.app; sourceTree = BUILT_PRODUCTS_DIR; };
		E724DA111A42302E00049BF1 /* Info.plist */ = {isa = PBXFileReference; lastKnownFileType = text.plist.xml; path = Info.plist; sourceTree = "<group>"; };
		E724DA121A42302E00049BF1 /* main.m */ = {isa = PBXFileReference; lastKnownFileType = sourcecode.c.objc; path = main.m; sourceTree = "<group>"; };
		E724DA141A42302E00049BF1 /* AppDelegate.h */ = {isa = PBXFileReference; lastKnownFileType = sourcecode.c.h; path = AppDelegate.h; sourceTree = "<group>"; };
		E724DA151A42302E00049BF1 /* AppDelegate.m */ = {isa = PBXFileReference; lastKnownFileType = sourcecode.c.objc; path = AppDelegate.m; sourceTree = "<group>"; };
		E724DA1D1A42302E00049BF1 /* Images.xcassets */ = {isa = PBXFileReference; lastKnownFileType = folder.assetcatalog; path = Images.xcassets; sourceTree = "<group>"; };
		E724DA201A42302E00049BF1 /* Base */ = {isa = PBXFileReference; lastKnownFileType = file.xib; name = Base; path = Base.lproj/LaunchScreen.xib; sourceTree = "<group>"; };
		E724DA261A42302E00049BF1 /* CBTestTests.xctest */ = {isa = PBXFileReference; explicitFileType = wrapper.cfbundle; includeInIndex = 0; path = CBTestTests.xctest; sourceTree = BUILT_PRODUCTS_DIR; };
		E724DA2B1A42302E00049BF1 /* Info.plist */ = {isa = PBXFileReference; lastKnownFileType = text.plist.xml; path = Info.plist; sourceTree = "<group>"; };
		E724DA2C1A42302E00049BF1 /* CBTestTests.m */ = {isa = PBXFileReference; lastKnownFileType = sourcecode.c.objc; path = CBTestTests.m; sourceTree = "<group>"; };
		E724DA3C1A4231D000049BF1 /* CoreBluetooth.framework */ = {isa = PBXFileReference; lastKnownFileType = wrapper.framework; name = CoreBluetooth.framework; path = System/Library/Frameworks/CoreBluetooth.framework; sourceTree = SDKROOT; };
		E724DA451A4236EA00049BF1 /* CBTConnectViewController.h */ = {isa = PBXFileReference; fileEncoding = 4; lastKnownFileType = sourcecode.c.h; path = CBTConnectViewController.h; sourceTree = "<group>"; };
		E724DA461A4236EA00049BF1 /* CBTConnectViewController.m */ = {isa = PBXFileReference; fileEncoding = 4; lastKnownFileType = sourcecode.c.objc; path = CBTConnectViewController.m; sourceTree = "<group>"; };
		E724DA471A4236EA00049BF1 /* CBTConnectViewController.xib */ = {isa = PBXFileReference; fileEncoding = 4; lastKnownFileType = file.xib; path = CBTConnectViewController.xib; sourceTree = "<group>"; };
		E724DA4A1A4242BF00049BF1 /* CBTCentralControlPanelViewController.h */ = {isa = PBXFileReference; fileEncoding = 4; lastKnownFileType = sourcecode.c.h; path = CBTCentralControlPanelViewController.h; sourceTree = "<group>"; };
		E724DA4B1A4242BF00049BF1 /* CBTCentralControlPanelViewController.m */ = {isa = PBXFileReference; fileEncoding = 4; lastKnownFileType = sourcecode.c.objc; path = CBTCentralControlPanelViewController.m; sourceTree = "<group>"; };
		E724DA4C1A4242BF00049BF1 /* CBTCentralControlPanelViewController.xib */ = {isa = PBXFileReference; fileEncoding = 4; lastKnownFileType = file.xib; path = CBTCentralControlPanelViewController.xib; sourceTree = "<group>"; };
		E748E4DE1A5B03C10098B34F /* CBTPeripheralControlPanelViewController.h */ = {isa = PBXFileReference; fileEncoding = 4; lastKnownFileType = sourcecode.c.h; path = CBTPeripheralControlPanelViewController.h; sourceTree = "<group>"; };
		E748E4DF1A5B03C10098B34F /* CBTPeripheralControlPanelViewController.m */ = {isa = PBXFileReference; fileEncoding = 4; lastKnownFileType = sourcecode.c.objc; path = CBTPeripheralControlPanelViewController.m; sourceTree = "<group>"; };
		E748E4E01A5B03C10098B34F /* CBTPeripheralControlPanelViewController.xib */ = {isa = PBXFileReference; fileEncoding = 4; lastKnownFileType = file.xib; path = CBTPeripheralControlPanelViewController.xib; sourceTree = "<group>"; };
/* End PBXFileReference section */

/* Begin PBXFrameworksBuildPhase section */
		E724DA0A1A42302E00049BF1 /* Frameworks */ = {
			isa = PBXFrameworksBuildPhase;
			buildActionMask = 2147483647;
			files = (
				E724DA3D1A4231D000049BF1 /* CoreBluetooth.framework in Frameworks */,
			);
			runOnlyForDeploymentPostprocessing = 0;
		};
		E724DA231A42302E00049BF1 /* Frameworks */ = {
			isa = PBXFrameworksBuildPhase;
			buildActionMask = 2147483647;
			files = (
			);
			runOnlyForDeploymentPostprocessing = 0;
		};
/* End PBXFrameworksBuildPhase section */

/* Begin PBXGroup section */
		E724DA041A42302E00049BF1 = {
			isa = PBXGroup;
			children = (
				E724DA0F1A42302E00049BF1 /* CBTest */,
				E724DA291A42302E00049BF1 /* CBTestTests */,
				E724DA0E1A42302E00049BF1 /* Products */,
				E724DA3C1A4231D000049BF1 /* CoreBluetooth.framework */,
			);
			sourceTree = "<group>";
		};
		E724DA0E1A42302E00049BF1 /* Products */ = {
			isa = PBXGroup;
			children = (
				E724DA0D1A42302E00049BF1 /* CBTest.app */,
				E724DA261A42302E00049BF1 /* CBTestTests.xctest */,
			);
			name = Products;
			sourceTree = "<group>";
		};
		E724DA0F1A42302E00049BF1 /* CBTest */ = {
			isa = PBXGroup;
			children = (
				E724DA141A42302E00049BF1 /* AppDelegate.h */,
				E724DA151A42302E00049BF1 /* AppDelegate.m */,
				E724DA451A4236EA00049BF1 /* CBTConnectViewController.h */,
				E724DA461A4236EA00049BF1 /* CBTConnectViewController.m */,
				E724DA471A4236EA00049BF1 /* CBTConnectViewController.xib */,
				E724DA4A1A4242BF00049BF1 /* CBTCentralControlPanelViewController.h */,
				E724DA4B1A4242BF00049BF1 /* CBTCentralControlPanelViewController.m */,
				E724DA4C1A4242BF00049BF1 /* CBTCentralControlPanelViewController.xib */,
				E748E4DE1A5B03C10098B34F /* CBTPeripheralControlPanelViewController.h */,
				E748E4DF1A5B03C10098B34F /* CBTPeripheralControlPanelViewController.m */,
				E748E4E01A5B03C10098B34F /* CBTPeripheralControlPanelViewController.xib */,
				E724DA1D1A42302E00049BF1 /* Images.xcassets */,
				E724DA1F1A42302E00049BF1 /* LaunchScreen.xib */,
				E724DA101A42302E00049BF1 /* Supporting Files */,
			);
			path = CBTest;
			sourceTree = "<group>";
		};
		E724DA101A42302E00049BF1 /* Supporting Files */ = {
			isa = PBXGroup;
			children = (
				E724DA111A42302E00049BF1 /* Info.plist */,
				E724DA121A42302E00049BF1 /* main.m */,
			);
			name = "Supporting Files";
			sourceTree = "<group>";
		};
		E724DA291A42302E00049BF1 /* CBTestTests */ = {
			isa = PBXGroup;
			children = (
				E724DA2C1A42302E00049BF1 /* CBTestTests.m */,
				E724DA2A1A42302E00049BF1 /* Supporting Files */,
			);
			path = CBTestTests;
			sourceTree = "<group>";
		};
		E724DA2A1A42302E00049BF1 /* Supporting Files */ = {
			isa = PBXGroup;
			children = (
				E724DA2B1A42302E00049BF1 /* Info.plist */,
			);
			name = "Supporting Files";
			sourceTree = "<group>";
		};
/* End PBXGroup section */

/* Begin PBXNativeTarget section */
		E724DA0C1A42302E00049BF1 /* CBTest */ = {
			isa = PBXNativeTarget;
			buildConfigurationList = E724DA301A42302E00049BF1 /* Build configuration list for PBXNativeTarget "CBTest" */;
			buildPhases = (
				E724DA091A42302E00049BF1 /* Sources */,
				E724DA0A1A42302E00049BF1 /* Frameworks */,
				E724DA0B1A42302E00049BF1 /* Resources */,
			);
			buildRules = (
			);
			dependencies = (
			);
			name = CBTest;
			productName = CBTest;
			productReference = E724DA0D1A42302E00049BF1 /* CBTest.app */;
			productType = "com.apple.product-type.application";
		};
		E724DA251A42302E00049BF1 /* CBTestTests */ = {
			isa = PBXNativeTarget;
			buildConfigurationList = E724DA331A42302E00049BF1 /* Build configuration list for PBXNativeTarget "CBTestTests" */;
			buildPhases = (
				E724DA221A42302E00049BF1 /* Sources */,
				E724DA231A42302E00049BF1 /* Frameworks */,
				E724DA241A42302E00049BF1 /* Resources */,
			);
			buildRules = (
			);
			dependencies = (
				E724DA281A42302E00049BF1 /* PBXTargetDependency */,
			);
			name = CBTestTests;
			productName = CBTestTests;
			productReference = E724DA261A42302E00049BF1 /* CBTestTests.xctest */;
			productType = "com.apple.product-type.bundle.unit-test";
		};
/* End PBXNativeTarget section */

/* Begin PBXProject section */
		E724DA051A42302E00049BF1 /* Project object */ = {
			isa = PBXProject;
			attributes = {
				LastUpgradeCheck = 0610;
				ORGANIZATIONNAME = "Alan Wang";
				TargetAttributes = {
					E724DA0C1A42302E00049BF1 = {
						CreatedOnToolsVersion = 6.1.1;
					};
					E724DA251A42302E00049BF1 = {
						CreatedOnToolsVersion = 6.1.1;
						TestTargetID = E724DA0C1A42302E00049BF1;
					};
				};
			};
			buildConfigurationList = E724DA081A42302E00049BF1 /* Build configuration list for PBXProject "CBTest" */;
			compatibilityVersion = "Xcode 3.2";
			developmentRegion = English;
			hasScannedForEncodings = 0;
			knownRegions = (
				en,
				Base,
			);
			mainGroup = E724DA041A42302E00049BF1;
			productRefGroup = E724DA0E1A42302E00049BF1 /* Products */;
			projectDirPath = "";
			projectRoot = "";
			targets = (
				E724DA0C1A42302E00049BF1 /* CBTest */,
				E724DA251A42302E00049BF1 /* CBTestTests */,
			);
		};
/* End PBXProject section */

/* Begin PBXResourcesBuildPhase section */
		E724DA0B1A42302E00049BF1 /* Resources */ = {
			isa = PBXResourcesBuildPhase;
			buildActionMask = 2147483647;
			files = (
				E724DA211A42302E00049BF1 /* LaunchScreen.xib in Resources */,
				E748E4E21A5B03C10098B34F /* CBTPeripheralControlPanelViewController.xib in Resources */,
				E724DA491A4236EA00049BF1 /* CBTConnectViewController.xib in Resources */,
				E724DA1E1A42302E00049BF1 /* Images.xcassets in Resources */,
				E724DA4E1A4242BF00049BF1 /* CBTCentralControlPanelViewController.xib in Resources */,
			);
			runOnlyForDeploymentPostprocessing = 0;
		};
		E724DA241A42302E00049BF1 /* Resources */ = {
			isa = PBXResourcesBuildPhase;
			buildActionMask = 2147483647;
			files = (
			);
			runOnlyForDeploymentPostprocessing = 0;
		};
/* End PBXResourcesBuildPhase section */

/* Begin PBXSourcesBuildPhase section */
		E724DA091A42302E00049BF1 /* Sources */ = {
			isa = PBXSourcesBuildPhase;
			buildActionMask = 2147483647;
			files = (
				E724DA161A42302E00049BF1 /* AppDelegate.m in Sources */,
				E748E4E11A5B03C10098B34F /* CBTPeripheralControlPanelViewController.m in Sources */,
				E724DA131A42302E00049BF1 /* main.m in Sources */,
				E724DA481A4236EA00049BF1 /* CBTConnectViewController.m in Sources */,
				E724DA4D1A4242BF00049BF1 /* CBTCentralControlPanelViewController.m in Sources */,
			);
			runOnlyForDeploymentPostprocessing = 0;
		};
		E724DA221A42302E00049BF1 /* Sources */ = {
			isa = PBXSourcesBuildPhase;
			buildActionMask = 2147483647;
			files = (
				E724DA2D1A42302E00049BF1 /* CBTestTests.m in Sources */,
			);
			runOnlyForDeploymentPostprocessing = 0;
		};
/* End PBXSourcesBuildPhase section */

/* Begin PBXTargetDependency section */
		E724DA281A42302E00049BF1 /* PBXTargetDependency */ = {
			isa = PBXTargetDependency;
			target = E724DA0C1A42302E00049BF1 /* CBTest */;
			targetProxy = E724DA271A42302E00049BF1 /* PBXContainerItemProxy */;
		};
/* End PBXTargetDependency section */

/* Begin PBXVariantGroup section */
		E724DA1F1A42302E00049BF1 /* LaunchScreen.xib */ = {
			isa = PBXVariantGroup;
			children = (
				E724DA201A42302E00049BF1 /* Base */,
			);
			name = LaunchScreen.xib;
			sourceTree = "<group>";
		};
/* End PBXVariantGroup section */

/* Begin XCBuildConfiguration section */
		E724DA2E1A42302E00049BF1 /* Debug */ = {
			isa = XCBuildConfiguration;
			buildSettings = {
				ALWAYS_SEARCH_USER_PATHS = NO;
				CLANG_CXX_LANGUAGE_STANDARD = "gnu++0x";
				CLANG_CXX_LIBRARY = "libc++";
				CLANG_ENABLE_MODULES = YES;
				CLANG_ENABLE_OBJC_ARC = YES;
				CLANG_WARN_BOOL_CONVERSION = YES;
				CLANG_WARN_CONSTANT_CONVERSION = YES;
				CLANG_WARN_DIRECT_OBJC_ISA_USAGE = YES_ERROR;
				CLANG_WARN_EMPTY_BODY = YES;
				CLANG_WARN_ENUM_CONVERSION = YES;
				CLANG_WARN_INT_CONVERSION = YES;
				CLANG_WARN_OBJC_ROOT_CLASS = YES_ERROR;
				CLANG_WARN_UNREACHABLE_CODE = YES;
				CLANG_WARN__DUPLICATE_METHOD_MATCH = YES;
				"CODE_SIGN_IDENTITY[sdk=iphoneos*]" = "iPhone Developer";
				COPY_PHASE_STRIP = NO;
				ENABLE_STRICT_OBJC_MSGSEND = YES;
				GCC_C_LANGUAGE_STANDARD = gnu99;
				GCC_DYNAMIC_NO_PIC = NO;
				GCC_OPTIMIZATION_LEVEL = 0;
				GCC_PREPROCESSOR_DEFINITIONS = (
					"DEBUG=1",
					"$(inherited)",
				);
				GCC_SYMBOLS_PRIVATE_EXTERN = NO;
				GCC_WARN_64_TO_32_BIT_CONVERSION = YES;
				GCC_WARN_ABOUT_RETURN_TYPE = YES_ERROR;
				GCC_WARN_UNDECLARED_SELECTOR = YES;
				GCC_WARN_UNINITIALIZED_AUTOS = YES_AGGRESSIVE;
				GCC_WARN_UNUSED_FUNCTION = YES;
				GCC_WARN_UNUSED_VARIABLE = YES;
				IPHONEOS_DEPLOYMENT_TARGET = 8.1;
				MTL_ENABLE_DEBUG_INFO = YES;
				ONLY_ACTIVE_ARCH = YES;
				SDKROOT = iphoneos;
			};
			name = Debug;
		};
		E724DA2F1A42302E00049BF1 /* Release */ = {
			isa = XCBuildConfiguration;
			buildSettings = {
				ALWAYS_SEARCH_USER_PATHS = NO;
				CLANG_CXX_LANGUAGE_STANDARD = "gnu++0x";
				CLANG_CXX_LIBRARY = "libc++";
				CLANG_ENABLE_MODULES = YES;
				CLANG_ENABLE_OBJC_ARC = YES;
				CLANG_WARN_BOOL_CONVERSION = YES;
				CLANG_WARN_CONSTANT_CONVERSION = YES;
				CLANG_WARN_DIRECT_OBJC_ISA_USAGE = YES_ERROR;
				CLANG_WARN_EMPTY_BODY = YES;
				CLANG_WARN_ENUM_CONVERSION = YES;
				CLANG_WARN_INT_CONVERSION = YES;
				CLANG_WARN_OBJC_ROOT_CLASS = YES_ERROR;
				CLANG_WARN_UNREACHABLE_CODE = YES;
				CLANG_WARN__DUPLICATE_METHOD_MATCH = YES;
				"CODE_SIGN_IDENTITY[sdk=iphoneos*]" = "iPhone Developer";
				COPY_PHASE_STRIP = YES;
				ENABLE_NS_ASSERTIONS = NO;
				ENABLE_STRICT_OBJC_MSGSEND = YES;
				GCC_C_LANGUAGE_STANDARD = gnu99;
				GCC_WARN_64_TO_32_BIT_CONVERSION = YES;
				GCC_WARN_ABOUT_RETURN_TYPE = YES_ERROR;
				GCC_WARN_UNDECLARED_SELECTOR = YES;
				GCC_WARN_UNINITIALIZED_AUTOS = YES_AGGRESSIVE;
				GCC_WARN_UNUSED_FUNCTION = YES;
				GCC_WARN_UNUSED_VARIABLE = YES;
				IPHONEOS_DEPLOYMENT_TARGET = 8.1;
				MTL_ENABLE_DEBUG_INFO = NO;
				SDKROOT = iphoneos;
				VALIDATE_PRODUCT = YES;
			};
			name = Release;
		};
		E724DA311A42302E00049BF1 /* Debug */ = {
			isa = XCBuildConfiguration;
			buildSettings = {
				ASSETCATALOG_COMPILER_APPICON_NAME = AppIcon;
				INFOPLIST_FILE = CBTest/Info.plist;
				LD_RUNPATH_SEARCH_PATHS = "$(inherited) @executable_path/Frameworks";
				PRODUCT_NAME = "$(TARGET_NAME)";
			};
			name = Debug;
		};
		E724DA321A42302E00049BF1 /* Release */ = {
			isa = XCBuildConfiguration;
			buildSettings = {
				ASSETCATALOG_COMPILER_APPICON_NAME = AppIcon;
				INFOPLIST_FILE = CBTest/Info.plist;
				LD_RUNPATH_SEARCH_PATHS = "$(inherited) @executable_path/Frameworks";
				PRODUCT_NAME = "$(TARGET_NAME)";
			};
			name = Release;
		};
		E724DA341A42302E00049BF1 /* Debug */ = {
			isa = XCBuildConfiguration;
			buildSettings = {
				BUNDLE_LOADER = "$(TEST_HOST)";
				FRAMEWORK_SEARCH_PATHS = (
					"$(SDKROOT)/Developer/Library/Frameworks",
					"$(inherited)",
				);
				GCC_PREPROCESSOR_DEFINITIONS = (
					"DEBUG=1",
					"$(inherited)",
				);
				INFOPLIST_FILE = CBTestTests/Info.plist;
				LD_RUNPATH_SEARCH_PATHS = "$(inherited) @executable_path/Frameworks @loader_path/Frameworks";
				PRODUCT_NAME = "$(TARGET_NAME)";
				TEST_HOST = "$(BUILT_PRODUCTS_DIR)/CBTest.app/CBTest";
			};
			name = Debug;
		};
		E724DA351A42302E00049BF1 /* Release */ = {
			isa = XCBuildConfiguration;
			buildSettings = {
				BUNDLE_LOADER = "$(TEST_HOST)";
				FRAMEWORK_SEARCH_PATHS = (
					"$(SDKROOT)/Developer/Library/Frameworks",
					"$(inherited)",
				);
				INFOPLIST_FILE = CBTestTests/Info.plist;
				LD_RUNPATH_SEARCH_PATHS = "$(inherited) @executable_path/Frameworks @loader_path/Frameworks";
				PRODUCT_NAME = "$(TARGET_NAME)";
				TEST_HOST = "$(BUILT_PRODUCTS_DIR)/CBTest.app/CBTest";
			};
			name = Release;
		};
/* End XCBuildConfiguration section */

/* Begin XCConfigurationList section */
		E724DA081A42302E00049BF1 /* Build configuration list for PBXProject "CBTest" */ = {
			isa = XCConfigurationList;
			buildConfigurations = (
				E724DA2E1A42302E00049BF1 /* Debug */,
				E724DA2F1A42302E00049BF1 /* Release */,
			);
			defaultConfigurationIsVisible = 0;
			defaultConfigurationName = Release;
		};
		E724DA301A42302E00049BF1 /* Build configuration list for PBXNativeTarget "CBTest" */ = {
			isa = XCConfigurationList;
			buildConfigurations = (
				E724DA311A42302E00049BF1 /* Debug */,
				E724DA321A42302E00049BF1 /* Release */,
			);
			defaultConfigurationIsVisible = 0;
			defaultConfigurationName = Release;
		};
		E724DA331A42302E00049BF1 /* Build configuration list for PBXNativeTarget "CBTestTests" */ = {
			isa = XCConfigurationList;
			buildConfigurations = (
				E724DA341A42302E00049BF1 /* Debug */,
				E724DA351A42302E00049BF1 /* Release */,
			);
			defaultConfigurationIsVisible = 0;
			defaultConfigurationName = Release;
		};
/* End XCConfigurationList section */
	};
	rootObject = E724DA051A42302E00049BF1 /* Project object */;
}
